
Microsoft Visual Studio Solution File, Format Version 12.00
# Visual Studio Version 16
VisualStudioVersion = 16.0.31025.194
MinimumVisualStudioVersion = 10.0.40219.1
Project("{FAE04EC0-301F-11D3-BF4B-00C04F79EFBC}") = "MVC_Project", "MVC_Project.csproj", "{AC47AA10-BA0B-4767-8533-6ACC39E2C423}"
EndProject
Global
	GlobalSection(SolutionConfigurationPlatforms) = preSolution
		Debug|Any CPU = Debug|Any CPU
		Release|Any CPU = Release|Any CPU
	EndGlobalSection
	GlobalSection(ProjectConfigurationPlatforms) = postSolution
		{AC47AA10-BA0B-4767-8533-6ACC39E2C423}.Debug|Any CPU.ActiveCfg = Debug|Any CPU
		{AC47AA10-BA0B-4767-8533-6ACC39E2C423}.Debug|Any CPU.Build.0 = Debug|Any CPU
		{AC47AA10-BA0B-4767-8533-6ACC39E2C423}.Release|Any CPU.ActiveCfg = Release|Any CPU
		{AC47AA10-BA0B-4767-8533-6ACC39E2C423}.Release|Any CPU.Build.0 = Release|Any CPU
	EndGlobalSection
	GlobalSection(SolutionProperties) = preSolution
		HideSolutionNode = FALSE
	EndGlobalSection
	GlobalSection(ExtensibilityGlobals) = postSolution
		SolutionGuid = {D398C71E-8DFC-4811-97CB-8EB5A7B2BD0F}
	EndGlobalSection
EndGlobal
